// !$*UTF8*$!
{
	archiveVersion = 1;
	classes = {
	};
	objectVersion = 46;
	objects = {

/* Begin PBXBuildFile section */
		94686B8B1A3E64D500585B40 /* Foundation.framework in Frameworks */ = {isa = PBXBuildFile; fileRef = 94686B8A1A3E64D500585B40 /* Foundation.framework */; };
		94686B8D1A3E64D500585B40 /* CoreGraphics.framework in Frameworks */ = {isa = PBXBuildFile; fileRef = 94686B8C1A3E64D500585B40 /* CoreGraphics.framework */; };
		94686B8F1A3E64D500585B40 /* UIKit.framework in Frameworks */ = {isa = PBXBuildFile; fileRef = 94686B8E1A3E64D500585B40 /* UIKit.framework */; };
		94686B951A3E64D500585B40 /* InfoPlist.strings in Resources */ = {isa = PBXBuildFile; fileRef = 94686B931A3E64D500585B40 /* InfoPlist.strings */; };
		94686B971A3E64D500585B40 /* main.m in Sources */ = {isa = PBXBuildFile; fileRef = 94686B961A3E64D500585B40 /* main.m */; };
		94686B9B1A3E64D500585B40 /* NAAppDelegate.m in Sources */ = {isa = PBXBuildFile; fileRef = 94686B9A1A3E64D500585B40 /* NAAppDelegate.m */; };
		94686B9E1A3E64D500585B40 /* Main.storyboard in Resources */ = {isa = PBXBuildFile; fileRef = 94686B9C1A3E64D500585B40 /* Main.storyboard */; };
		94686BA11A3E64D500585B40 /* NAViewController.m in Sources */ = {isa = PBXBuildFile; fileRef = 94686BA01A3E64D500585B40 /* NAViewController.m */; };
		94686BA31A3E64D500585B40 /* Images.xcassets in Resources */ = {isa = PBXBuildFile; fileRef = 94686BA21A3E64D500585B40 /* Images.xcassets */; };
		94686BAA1A3E64D500585B40 /* XCTest.framework in Frameworks */ = {isa = PBXBuildFile; fileRef = 94686BA91A3E64D500585B40 /* XCTest.framework */; };
		94686BAB1A3E64D500585B40 /* Foundation.framework in Frameworks */ = {isa = PBXBuildFile; fileRef = 94686B8A1A3E64D500585B40 /* Foundation.framework */; };
		94686BAC1A3E64D500585B40 /* UIKit.framework in Frameworks */ = {isa = PBXBuildFile; fileRef = 94686B8E1A3E64D500585B40 /* UIKit.framework */; };
		94686BB41A3E64D500585B40 /* InfoPlist.strings in Resources */ = {isa = PBXBuildFile; fileRef = 94686BB21A3E64D500585B40 /* InfoPlist.strings */; };
		94686BB61A3E64D500585B40 /* BasicIosApplicationTests.m in Sources */ = {isa = PBXBuildFile; fileRef = 94686BB51A3E64D500585B40 /* BasicIosApplicationTests.m */; };
		94C386FF1A42258600B1F6BC /* 20141210_204444.jpg in Resources */ = {isa = PBXBuildFile; fileRef = 94C386FE1A42258600B1F6BC /* 20141210_204444.jpg */; };
/* End PBXBuildFile section */

/* Begin PBXContainerItemProxy section */
		94686BAD1A3E64D500585B40 /* PBXContainerItemProxy */ = {
			isa = PBXContainerItemProxy;
			containerPortal = 94686B7F1A3E64D500585B40 /* Project object */;
			proxyType = 1;
			remoteGlobalIDString = 94686B861A3E64D500585B40;
			remoteInfo = BasicIosApplication;
		};
/* End PBXContainerItemProxy section */

/* Begin PBXFileReference section */
		94686B871A3E64D500585B40 /* BasicIosApplication.app */ = {isa = PBXFileReference; explicitFileType = wrapper.application; includeInIndex = 0; path = BasicIosApplication.app; sourceTree = BUILT_PRODUCTS_DIR; };
		94686B8A1A3E64D500585B40 /* Foundation.framework */ = {isa = PBXFileReference; lastKnownFileType = wrapper.framework; name = Foundation.framework; path = System/Library/Frameworks/Foundation.framework; sourceTree = SDKROOT; };
		94686B8C1A3E64D500585B40 /* CoreGraphics.framework */ = {isa = PBXFileReference; lastKnownFileType = wrapper.framework; name = CoreGraphics.framework; path = System/Library/Frameworks/CoreGraphics.framework; sourceTree = SDKROOT; };
		94686B8E1A3E64D500585B40 /* UIKit.framework */ = {isa = PBXFileReference; lastKnownFileType = wrapper.framework; name = UIKit.framework; path = System/Library/Frameworks/UIKit.framework; sourceTree = SDKROOT; };
		94686B921A3E64D500585B40 /* BasicIosApplication-Info.plist */ = {isa = PBXFileReference; lastKnownFileType = text.plist.xml; path = "BasicIosApplication-Info.plist"; sourceTree = "<group>"; };
		94686B941A3E64D500585B40 /* en */ = {isa = PBXFileReference; lastKnownFileType = text.plist.strings; name = en; path = en.lproj/InfoPlist.strings; sourceTree = "<group>"; };
		94686B961A3E64D500585B40 /* main.m */ = {isa = PBXFileReference; lastKnownFileType = sourcecode.c.objc; path = main.m; sourceTree = "<group>"; };
		94686B981A3E64D500585B40 /* BasicIosApplication-Prefix.pch */ = {isa = PBXFileReference; lastKnownFileType = sourcecode.c.h; path = "BasicIosApplication-Prefix.pch"; sourceTree = "<group>"; };
		94686B991A3E64D500585B40 /* NAAppDelegate.h */ = {isa = PBXFileReference; lastKnownFileType = sourcecode.c.h; path = NAAppDelegate.h; sourceTree = "<group>"; };
		94686B9A1A3E64D500585B40 /* NAAppDelegate.m */ = {isa = PBXFileReference; lastKnownFileType = sourcecode.c.objc; path = NAAppDelegate.m; sourceTree = "<group>"; };
		94686B9D1A3E64D500585B40 /* Base */ = {isa = PBXFileReference; lastKnownFileType = file.storyboard; name = Base; path = Base.lproj/Main.storyboard; sourceTree = "<group>"; };
		94686B9F1A3E64D500585B40 /* NAViewController.h */ = {isa = PBXFileReference; lastKnownFileType = sourcecode.c.h; path = NAViewController.h; sourceTree = "<group>"; };
		94686BA01A3E64D500585B40 /* NAViewController.m */ = {isa = PBXFileReference; lastKnownFileType = sourcecode.c.objc; path = NAViewController.m; sourceTree = "<group>"; };
		94686BA21A3E64D500585B40 /* Images.xcassets */ = {isa = PBXFileReference; lastKnownFileType = folder.assetcatalog; path = Images.xcassets; sourceTree = "<group>"; };
		94686BA81A3E64D500585B40 /* BasicIosApplicationTests.xctest */ = {isa = PBXFileReference; explicitFileType = wrapper.cfbundle; includeInIndex = 0; path = BasicIosApplicationTests.xctest; sourceTree = BUILT_PRODUCTS_DIR; };
		94686BA91A3E64D500585B40 /* XCTest.framework */ = {isa = PBXFileReference; lastKnownFileType = wrapper.framework; name = XCTest.framework; path = Library/Frameworks/XCTest.framework; sourceTree = DEVELOPER_DIR; };
		94686BB11A3E64D500585B40 /* BasicIosApplicationTests-Info.plist */ = {isa = PBXFileReference; lastKnownFileType = text.plist.xml; path = "BasicIosApplicationTests-Info.plist"; sourceTree = "<group>"; };
		94686BB31A3E64D500585B40 /* en */ = {isa = PBXFileReference; lastKnownFileType = text.plist.strings; name = en; path = en.lproj/InfoPlist.strings; sourceTree = "<group>"; };
		94686BB51A3E64D500585B40 /* BasicIosApplicationTests.m */ = {isa = PBXFileReference; lastKnownFileType = sourcecode.c.objc; path = BasicIosApplicationTests.m; sourceTree = "<group>"; };
		94C386FE1A42258600B1F6BC /* 20141210_204444.jpg */ = {isa = PBXFileReference; lastKnownFileType = image.jpeg; path = 20141210_204444.jpg; sourceTree = "<group>"; };
/* End PBXFileReference section */

/* Begin PBXFrameworksBuildPhase section */
		94686B841A3E64D500585B40 /* Frameworks */ = {
			isa = PBXFrameworksBuildPhase;
			buildActionMask = 2147483647;
			files = (
				94686B8D1A3E64D500585B40 /* CoreGraphics.framework in Frameworks */,
				94686B8F1A3E64D500585B40 /* UIKit.framework in Frameworks */,
				94686B8B1A3E64D500585B40 /* Foundation.framework in Frameworks */,
			);
			runOnlyForDeploymentPostprocessing = 0;
		};
		94686BA51A3E64D500585B40 /* Frameworks */ = {
			isa = PBXFrameworksBuildPhase;
			buildActionMask = 2147483647;
			files = (
				94686BAA1A3E64D500585B40 /* XCTest.framework in Frameworks */,
				94686BAC1A3E64D500585B40 /* UIKit.framework in Frameworks */,
				94686BAB1A3E64D500585B40 /* Foundation.framework in Frameworks */,
			);
			runOnlyForDeploymentPostprocessing = 0;
		};
/* End PBXFrameworksBuildPhase section */

/* Begin PBXGroup section */
		94686B7E1A3E64D500585B40 = {
			isa = PBXGroup;
			children = (
				94686B901A3E64D500585B40 /* BasicIosApplication */,
				94686BAF1A3E64D500585B40 /* BasicIosApplicationTests */,
				94686B891A3E64D500585B40 /* Frameworks */,
				94686B881A3E64D500585B40 /* Products */,
			);
			sourceTree = "<group>";
		};
		94686B881A3E64D500585B40 /* Products */ = {
			isa = PBXGroup;
			children = (
				94686B871A3E64D500585B40 /* BasicIosApplication.app */,
				94686BA81A3E64D500585B40 /* BasicIosApplicationTests.xctest */,
			);
			name = Products;
			sourceTree = "<group>";
		};
		94686B891A3E64D500585B40 /* Frameworks */ = {
			isa = PBXGroup;
			children = (
				94686B8A1A3E64D500585B40 /* Foundation.framework */,
				94686B8C1A3E64D500585B40 /* CoreGraphics.framework */,
				94686B8E1A3E64D500585B40 /* UIKit.framework */,
				94686BA91A3E64D500585B40 /* XCTest.framework */,
			);
			name = Frameworks;
			sourceTree = "<group>";
		};
		94686B901A3E64D500585B40 /* BasicIosApplication */ = {
			isa = PBXGroup;
			children = (
				94686B991A3E64D500585B40 /* NAAppDelegate.h */,
				94686B9A1A3E64D500585B40 /* NAAppDelegate.m */,
				94686B9C1A3E64D500585B40 /* Main.storyboard */,
				94686B9F1A3E64D500585B40 /* NAViewController.h */,
				94686BA01A3E64D500585B40 /* NAViewController.m */,
				94686BA21A3E64D500585B40 /* Images.xcassets */,
				94686B911A3E64D500585B40 /* Supporting Files */,
			);
			path = BasicIosApplication;
			sourceTree = "<group>";
		};
		94686B911A3E64D500585B40 /* Supporting Files */ = {
			isa = PBXGroup;
			children = (
				94C386FE1A42258600B1F6BC /* 20141210_204444.jpg */,
				94686B921A3E64D500585B40 /* BasicIosApplication-Info.plist */,
				94686B931A3E64D500585B40 /* InfoPlist.strings */,
				94686B961A3E64D500585B40 /* main.m */,
				94686B981A3E64D500585B40 /* BasicIosApplication-Prefix.pch */,
			);
			name = "Supporting Files";
			sourceTree = "<group>";
		};
		94686BAF1A3E64D500585B40 /* BasicIosApplicationTests */ = {
			isa = PBXGroup;
			children = (
				94686BB51A3E64D500585B40 /* BasicIosApplicationTests.m */,
				94686BB01A3E64D500585B40 /* Supporting Files */,
			);
			path = BasicIosApplicationTests;
			sourceTree = "<group>";
		};
		94686BB01A3E64D500585B40 /* Supporting Files */ = {
			isa = PBXGroup;
			children = (
				94686BB11A3E64D500585B40 /* BasicIosApplicationTests-Info.plist */,
				94686BB21A3E64D500585B40 /* InfoPlist.strings */,
			);
			name = "Supporting Files";
			sourceTree = "<group>";
		};
/* End PBXGroup section */

/* Begin PBXNativeTarget section */
		94686B861A3E64D500585B40 /* BasicIosApplication */ = {
			isa = PBXNativeTarget;
			buildConfigurationList = 94686BB91A3E64D500585B40 /* Build configuration list for PBXNativeTarget "BasicIosApplication" */;
			buildPhases = (
				94686B831A3E64D500585B40 /* Sources */,
				94686B841A3E64D500585B40 /* Frameworks */,
				94686B851A3E64D500585B40 /* Resources */,
			);
			buildRules = (
			);
			dependencies = (
			);
			name = BasicIosApplication;
			productName = BasicIosApplication;
			productReference = 94686B871A3E64D500585B40 /* BasicIosApplication.app */;
			productType = "com.apple.product-type.application";
		};
		94686BA71A3E64D500585B40 /* BasicIosApplicationTests */ = {
			isa = PBXNativeTarget;
			buildConfigurationList = 94686BBC1A3E64D500585B40 /* Build configuration list for PBXNativeTarget "BasicIosApplicationTests" */;
			buildPhases = (
				94686BA41A3E64D500585B40 /* Sources */,
				94686BA51A3E64D500585B40 /* Frameworks */,
				94686BA61A3E64D500585B40 /* Resources */,
			);
			buildRules = (
			);
			dependencies = (
				94686BAE1A3E64D500585B40 /* PBXTargetDependency */,
			);
			name = BasicIosApplicationTests;
			productName = BasicIosApplicationTests;
			productReference = 94686BA81A3E64D500585B40 /* BasicIosApplicationTests.xctest */;
			productType = "com.apple.product-type.bundle.unit-test";
		};
/* End PBXNativeTarget section */

/* Begin PBXProject section */
		94686B7F1A3E64D500585B40 /* Project object */ = {
			isa = PBXProject;
			attributes = {
				CLASSPREFIX = NA;
				LastUpgradeCheck = 0500;
				ORGANIZATIONNAME = "Nitin Ahuja";
				TargetAttributes = {
					94686BA71A3E64D500585B40 = {
						TestTargetID = 94686B861A3E64D500585B40;
					};
				};
			};
			buildConfigurationList = 94686B821A3E64D500585B40 /* Build configuration list for PBXProject "BasicIosApplication" */;
			compatibilityVersion = "Xcode 3.2";
			developmentRegion = English;
			hasScannedForEncodings = 0;
			knownRegions = (
				en,
				Base,
			);
			mainGroup = 94686B7E1A3E64D500585B40;
			productRefGroup = 94686B881A3E64D500585B40 /* Products */;
			projectDirPath = "";
			projectRoot = "";
			targets = (
				94686B861A3E64D500585B40 /* BasicIosApplication */,
				94686BA71A3E64D500585B40 /* BasicIosApplicationTests */,
			);
		};
/* End PBXProject section */

/* Begin PBXResourcesBuildPhase section */
		94686B851A3E64D500585B40 /* Resources */ = {
			isa = PBXResourcesBuildPhase;
			buildActionMask = 2147483647;
			files = (
				94686BA31A3E64D500585B40 /* Images.xcassets in Resources */,
				94686B951A3E64D500585B40 /* InfoPlist.strings in Resources */,
				94C386FF1A42258600B1F6BC /* 20141210_204444.jpg in Resources */,
				94686B9E1A3E64D500585B40 /* Main.storyboard in Resources */,
			);
			runOnlyForDeploymentPostprocessing = 0;
		};
		94686BA61A3E64D500585B40 /* Resources */ = {
			isa = PBXResourcesBuildPhase;
			buildActionMask = 2147483647;
			files = (
				94686BB41A3E64D500585B40 /* InfoPlist.strings in Resources */,
			);
			runOnlyForDeploymentPostprocessing = 0;
		};
/* End PBXResourcesBuildPhase section */

/* Begin PBXSourcesBuildPhase section */
		94686B831A3E64D500585B40 /* Sources */ = {
			isa = PBXSourcesBuildPhase;
			buildActionMask = 2147483647;
			files = (
				94686BA11A3E64D500585B40 /* NAViewController.m in Sources */,
				94686B971A3E64D500585B40 /* main.m in Sources */,
				94686B9B1A3E64D500585B40 /* NAAppDelegate.m in Sources */,
			);
			runOnlyForDeploymentPostprocessing = 0;
		};
		94686BA41A3E64D500585B40 /* Sources */ = {
			isa = PBXSourcesBuildPhase;
			buildActionMask = 2147483647;
			files = (
				94686BB61A3E64D500585B40 /* BasicIosApplicationTests.m in Sources */,
			);
			runOnlyForDeploymentPostprocessing = 0;
		};
/* End PBXSourcesBuildPhase section */

/* Begin PBXTargetDependency section */
		94686BAE1A3E64D500585B40 /* PBXTargetDependency */ = {
			isa = PBXTargetDependency;
			target = 94686B861A3E64D500585B40 /* BasicIosApplication */;
			targetProxy = 94686BAD1A3E64D500585B40 /* PBXContainerItemProxy */;
		};
/* End PBXTargetDependency section */

/* Begin PBXVariantGroup section */
		94686B931A3E64D500585B40 /* InfoPlist.strings */ = {
			isa = PBXVariantGroup;
			children = (
				94686B941A3E64D500585B40 /* en */,
			);
			name = InfoPlist.strings;
			sourceTree = "<group>";
		};
		94686B9C1A3E64D500585B40 /* Main.storyboard */ = {
			isa = PBXVariantGroup;
			children = (
				94686B9D1A3E64D500585B40 /* Base */,
			);
			name = Main.storyboard;
			sourceTree = "<group>";
		};
		94686BB21A3E64D500585B40 /* InfoPlist.strings */ = {
			isa = PBXVariantGroup;
			children = (
				94686BB31A3E64D500585B40 /* en */,
			);
			name = InfoPlist.strings;
			sourceTree = "<group>";
		};
/* End PBXVariantGroup section */

/* Begin XCBuildConfiguration section */
		94686BB71A3E64D500585B40 /* Debug */ = {
			isa = XCBuildConfiguration;
			buildSettings = {
				ALWAYS_SEARCH_USER_PATHS = NO;
				ARCHS = "$(ARCHS_STANDARD_INCLUDING_64_BIT)";
				CLANG_CXX_LANGUAGE_STANDARD = "gnu++0x";
				CLANG_CXX_LIBRARY = "libc++";
				CLANG_ENABLE_MODULES = YES;
				CLANG_ENABLE_OBJC_ARC = YES;
				CLANG_WARN_BOOL_CONVERSION = YES;
				CLANG_WARN_CONSTANT_CONVERSION = YES;
				CLANG_WARN_DIRECT_OBJC_ISA_USAGE = YES_ERROR;
				CLANG_WARN_EMPTY_BODY = YES;
				CLANG_WARN_ENUM_CONVERSION = YES;
				CLANG_WARN_INT_CONVERSION = YES;
				CLANG_WARN_OBJC_ROOT_CLASS = YES_ERROR;
				CLANG_WARN__DUPLICATE_METHOD_MATCH = YES;
				"CODE_SIGN_IDENTITY[sdk=iphoneos*]" = "iPhone Developer";
				COPY_PHASE_STRIP = NO;
				GCC_C_LANGUAGE_STANDARD = gnu99;
				GCC_DYNAMIC_NO_PIC = NO;
				GCC_OPTIMIZATION_LEVEL = 0;
				GCC_PREPROCESSOR_DEFINITIONS = (
					"DEBUG=1",
					"$(inherited)",
				);
				GCC_SYMBOLS_PRIVATE_EXTERN = NO;
				GCC_WARN_64_TO_32_BIT_CONVERSION = YES;
				GCC_WARN_ABOUT_RETURN_TYPE = YES_ERROR;
				GCC_WARN_UNDECLARED_SELECTOR = YES;
				GCC_WARN_UNINITIALIZED_AUTOS = YES;
				GCC_WARN_UNUSED_FUNCTION = YES;
				GCC_WARN_UNUSED_VARIABLE = YES;
				IPHONEOS_DEPLOYMENT_TARGET = 7.0;
				ONLY_ACTIVE_ARCH = YES;
				SDKROOT = iphoneos;
			};
			name = Debug;
		};
		94686BB81A3E64D500585B40 /* Release */ = {
			isa = XCBuildConfiguration;
			buildSettings = {
				ALWAYS_SEARCH_USER_PATHS = NO;
				ARCHS = "$(ARCHS_STANDARD_INCLUDING_64_BIT)";
				CLANG_CXX_LANGUAGE_STANDARD = "gnu++0x";
				CLANG_CXX_LIBRARY = "libc++";
				CLANG_ENABLE_MODULES = YES;
				CLANG_ENABLE_OBJC_ARC = YES;
				CLANG_WARN_BOOL_CONVERSION = YES;
				CLANG_WARN_CONSTANT_CONVERSION = YES;
				CLANG_WARN_DIRECT_OBJC_ISA_USAGE = YES_ERROR;
				CLANG_WARN_EMPTY_BODY = YES;
				CLANG_WARN_ENUM_CONVERSION = YES;
				CLANG_WARN_INT_CONVERSION = YES;
				CLANG_WARN_OBJC_ROOT_CLASS = YES_ERROR;
				CLANG_WARN__DUPLICATE_METHOD_MATCH = YES;
				"CODE_SIGN_IDENTITY[sdk=iphoneos*]" = "iPhone Developer";
				COPY_PHASE_STRIP = YES;
				ENABLE_NS_ASSERTIONS = NO;
				GCC_C_LANGUAGE_STANDARD = gnu99;
				GCC_WARN_64_TO_32_BIT_CONVERSION = YES;
				GCC_WARN_ABOUT_RETURN_TYPE = YES_ERROR;
				GCC_WARN_UNDECLARED_SELECTOR = YES;
				GCC_WARN_UNINITIALIZED_AUTOS = YES;
				GCC_WARN_UNUSED_FUNCTION = YES;
				GCC_WARN_UNUSED_VARIABLE = YES;
				IPHONEOS_DEPLOYMENT_TARGET = 7.0;
				SDKROOT = iphoneos;
				VALIDATE_PRODUCT = YES;
			};
			name = Release;
		};
		94686BBA1A3E64D500585B40 /* Debug */ = {
			isa = XCBuildConfiguration;
			buildSettings = {
				ASSETCATALOG_COMPILER_APPICON_NAME = AppIcon;
				ASSETCATALOG_COMPILER_LAUNCHIMAGE_NAME = LaunchImage;
				GCC_PRECOMPILE_PREFIX_HEADER = YES;
				GCC_PREFIX_HEADER = "BasicIosApplication/BasicIosApplication-Prefix.pch";
				INFOPLIST_FILE = "BasicIosApplication/BasicIosApplication-Info.plist";
				PRODUCT_NAME = "$(TARGET_NAME)";
				WRAPPER_EXTENSION = app;
			};
			name = Debug;
		};
		94686BBB1A3E64D500585B40 /* Release */ = {
			isa = XCBuildConfiguration;
			buildSettings = {
				ASSETCATALOG_COMPILER_APPICON_NAME = AppIcon;
				ASSETCATALOG_COMPILER_LAUNCHIMAGE_NAME = LaunchImage;
				GCC_PRECOMPILE_PREFIX_HEADER = YES;
				GCC_PREFIX_HEADER = "BasicIosApplication/BasicIosApplication-Prefix.pch";
				INFOPLIST_FILE = "BasicIosApplication/BasicIosApplication-Info.plist";
				PRODUCT_NAME = "$(TARGET_NAME)";
				WRAPPER_EXTENSION = app;
			};
			name = Release;
		};
		94686BBD1A3E64D500585B40 /* Debug */ = {
			isa = XCBuildConfiguration;
			buildSettings = {
				ARCHS = "$(ARCHS_STANDARD_INCLUDING_64_BIT)";
				BUNDLE_LOADER = "$(BUILT_PRODUCTS_DIR)/BasicIosApplication.app/BasicIosApplication";
				FRAMEWORK_SEARCH_PATHS = (
					"$(SDKROOT)/Developer/Library/Frameworks",
					"$(inherited)",
					"$(DEVELOPER_FRAMEWORKS_DIR)",
				);
				GCC_PRECOMPILE_PREFIX_HEADER = YES;
				GCC_PREFIX_HEADER = "BasicIosApplication/BasicIosApplication-Prefix.pch";
				GCC_PREPROCESSOR_DEFINITIONS = (
					"DEBUG=1",
					"$(inherited)",
				);
				INFOPLIST_FILE = "BasicIosApplicationTests/BasicIosApplicationTests-Info.plist";
				PRODUCT_NAME = "$(TARGET_NAME)";
				TEST_HOST = "$(BUNDLE_LOADER)";
				WRAPPER_EXTENSION = xctest;
			};
			name = Debug;
		};
		94686BBE1A3E64D500585B40 /* Release */ = {
			isa = XCBuildConfiguration;
			buildSettings = {
				ARCHS = "$(ARCHS_STANDARD_INCLUDING_64_BIT)";
				BUNDLE_LOADER = "$(BUILT_PRODUCTS_DIR)/BasicIosApplication.app/BasicIosApplication";
				FRAMEWORK_SEARCH_PATHS = (
					"$(SDKROOT)/Developer/Library/Frameworks",
					"$(inherited)",
					"$(DEVELOPER_FRAMEWORKS_DIR)",
				);
				GCC_PRECOMPILE_PREFIX_HEADER = YES;
				GCC_PREFIX_HEADER = "BasicIosApplication/BasicIosApplication-Prefix.pch";
				INFOPLIST_FILE = "BasicIosApplicationTests/BasicIosApplicationTests-Info.plist";
				PRODUCT_NAME = "$(TARGET_NAME)";
				TEST_HOST = "$(BUNDLE_LOADER)";
				WRAPPER_EXTENSION = xctest;
			};
			name = Release;
		};
/* End XCBuildConfiguration section */

/* Begin XCConfigurationList section */
		94686B821A3E64D500585B40 /* Build configuration list for PBXProject "BasicIosApplication" */ = {
			isa = XCConfigurationList;
			buildConfigurations = (
				94686BB71A3E64D500585B40 /* Debug */,
				94686BB81A3E64D500585B40 /* Release */,
			);
			defaultConfigurationIsVisible = 0;
			defaultConfigurationName = Release;
		};
		94686BB91A3E64D500585B40 /* Build configuration list for PBXNativeTarget "BasicIosApplication" */ = {
			isa = XCConfigurationList;
			buildConfigurations = (
				94686BBA1A3E64D500585B40 /* Debug */,
				94686BBB1A3E64D500585B40 /* Release */,
			);
			defaultConfigurationIsVisible = 0;
			defaultConfigurationName = Release;
		};
		94686BBC1A3E64D500585B40 /* Build configuration list for PBXNativeTarget "BasicIosApplicationTests" */ = {
			isa = XCConfigurationList;
			buildConfigurations = (
				94686BBD1A3E64D500585B40 /* Debug */,
				94686BBE1A3E64D500585B40 /* Release */,
			);
			defaultConfigurationIsVisible = 0;
			defaultConfigurationName = Release;
		};
/* End XCConfigurationList section */
	};
	rootObject = 94686B7F1A3E64D500585B40 /* Project object */;
}
